// !$*UTF8*$!
{
	archiveVersion = 1;
	classes = {
	};
	objectVersion = 55;
	objects = {

/* Begin PBXBuildFile section */
		55A9E9EB285A9DD000EAD384 /* AppDelegate.swift in Sources */ = {isa = PBXBuildFile; fileRef = 55A9E9EA285A9DD000EAD384 /* AppDelegate.swift */; };
		55A9E9ED285A9DD000EAD384 /* SceneDelegate.swift in Sources */ = {isa = PBXBuildFile; fileRef = 55A9E9EC285A9DD000EAD384 /* SceneDelegate.swift */; };
		55A9E9EF285A9DD000EAD384 /* ViewController.swift in Sources */ = {isa = PBXBuildFile; fileRef = 55A9E9EE285A9DD000EAD384 /* ViewController.swift */; };
		55A9E9F2285A9DD000EAD384 /* Main.storyboard in Resources */ = {isa = PBXBuildFile; fileRef = 55A9E9F0285A9DD000EAD384 /* Main.storyboard */; };
		55A9E9F5285A9DD000EAD384 /* estee_lauder.xcdatamodeld in Sources */ = {isa = PBXBuildFile; fileRef = 55A9E9F3285A9DD000EAD384 /* estee_lauder.xcdatamodeld */; };
		55A9E9F7285A9DD100EAD384 /* Assets.xcassets in Resources */ = {isa = PBXBuildFile; fileRef = 55A9E9F6285A9DD100EAD384 /* Assets.xcassets */; };
		55A9E9FA285A9DD100EAD384 /* LaunchScreen.storyboard in Resources */ = {isa = PBXBuildFile; fileRef = 55A9E9F8285A9DD100EAD384 /* LaunchScreen.storyboard */; };
		55A9EA05285A9DD100EAD384 /* estee_lauderTests.swift in Sources */ = {isa = PBXBuildFile; fileRef = 55A9EA04285A9DD100EAD384 /* estee_lauderTests.swift */; };
		55A9EA0F285A9DD100EAD384 /* estee_lauderUITests.swift in Sources */ = {isa = PBXBuildFile; fileRef = 55A9EA0E285A9DD100EAD384 /* estee_lauderUITests.swift */; };
		55A9EA11285A9DD100EAD384 /* estee_lauderUITestsLaunchTests.swift in Sources */ = {isa = PBXBuildFile; fileRef = 55A9EA10285A9DD100EAD384 /* estee_lauderUITestsLaunchTests.swift */; };
/* End PBXBuildFile section */

/* Begin PBXContainerItemProxy section */
		55A9EA01285A9DD100EAD384 /* PBXContainerItemProxy */ = {
			isa = PBXContainerItemProxy;
			containerPortal = 55A9E9DF285A9DD000EAD384 /* Project object */;
			proxyType = 1;
			remoteGlobalIDString = 55A9E9E6285A9DD000EAD384;
			remoteInfo = "estee lauder";
		};
		55A9EA0B285A9DD100EAD384 /* PBXContainerItemProxy */ = {
			isa = PBXContainerItemProxy;
			containerPortal = 55A9E9DF285A9DD000EAD384 /* Project object */;
			proxyType = 1;
			remoteGlobalIDString = 55A9E9E6285A9DD000EAD384;
			remoteInfo = "estee lauder";
		};
/* End PBXContainerItemProxy section */

/* Begin PBXFileReference section */
		55A9E9E7285A9DD000EAD384 /* estee lauder.app */ = {isa = PBXFileReference; explicitFileType = wrapper.application; includeInIndex = 0; path = "estee lauder.app"; sourceTree = BUILT_PRODUCTS_DIR; };
		55A9E9EA285A9DD000EAD384 /* AppDelegate.swift */ = {isa = PBXFileReference; lastKnownFileType = sourcecode.swift; path = AppDelegate.swift; sourceTree = "<group>"; };
		55A9E9EC285A9DD000EAD384 /* SceneDelegate.swift */ = {isa = PBXFileReference; lastKnownFileType = sourcecode.swift; path = SceneDelegate.swift; sourceTree = "<group>"; };
		55A9E9EE285A9DD000EAD384 /* ViewController.swift */ = {isa = PBXFileReference; lastKnownFileType = sourcecode.swift; path = ViewController.swift; sourceTree = "<group>"; };
		55A9E9F1285A9DD000EAD384 /* Base */ = {isa = PBXFileReference; lastKnownFileType = file.storyboard; name = Base; path = Base.lproj/Main.storyboard; sourceTree = "<group>"; };
		55A9E9F4285A9DD000EAD384 /* estee_lauder.xcdatamodel */ = {isa = PBXFileReference; lastKnownFileType = wrapper.xcdatamodel; path = estee_lauder.xcdatamodel; sourceTree = "<group>"; };
		55A9E9F6285A9DD100EAD384 /* Assets.xcassets */ = {isa = PBXFileReference; lastKnownFileType = folder.assetcatalog; path = Assets.xcassets; sourceTree = "<group>"; };
		55A9E9F9285A9DD100EAD384 /* Base */ = {isa = PBXFileReference; lastKnownFileType = file.storyboard; name = Base; path = Base.lproj/LaunchScreen.storyboard; sourceTree = "<group>"; };
		55A9E9FB285A9DD100EAD384 /* Info.plist */ = {isa = PBXFileReference; lastKnownFileType = text.plist.xml; path = Info.plist; sourceTree = "<group>"; };
		55A9EA00285A9DD100EAD384 /* estee lauderTests.xctest */ = {isa = PBXFileReference; explicitFileType = wrapper.cfbundle; includeInIndex = 0; path = "estee lauderTests.xctest"; sourceTree = BUILT_PRODUCTS_DIR; };
		55A9EA04285A9DD100EAD384 /* estee_lauderTests.swift */ = {isa = PBXFileReference; lastKnownFileType = sourcecode.swift; path = estee_lauderTests.swift; sourceTree = "<group>"; };
		55A9EA0A285A9DD100EAD384 /* estee lauderUITests.xctest */ = {isa = PBXFileReference; explicitFileType = wrapper.cfbundle; includeInIndex = 0; path = "estee lauderUITests.xctest"; sourceTree = BUILT_PRODUCTS_DIR; };
		55A9EA0E285A9DD100EAD384 /* estee_lauderUITests.swift */ = {isa = PBXFileReference; lastKnownFileType = sourcecode.swift; path = estee_lauderUITests.swift; sourceTree = "<group>"; };
		55A9EA10285A9DD100EAD384 /* estee_lauderUITestsLaunchTests.swift */ = {isa = PBXFileReference; lastKnownFileType = sourcecode.swift; path = estee_lauderUITestsLaunchTests.swift; sourceTree = "<group>"; };
/* End PBXFileReference section */

/* Begin PBXFrameworksBuildPhase section */
		55A9E9E4285A9DD000EAD384 /* Frameworks */ = {
			isa = PBXFrameworksBuildPhase;
			buildActionMask = 2147483647;
			files = (
			);
			runOnlyForDeploymentPostprocessing = 0;
		};
		55A9E9FD285A9DD100EAD384 /* Frameworks */ = {
			isa = PBXFrameworksBuildPhase;
			buildActionMask = 2147483647;
			files = (
			);
			runOnlyForDeploymentPostprocessing = 0;
		};
		55A9EA07285A9DD100EAD384 /* Frameworks */ = {
			isa = PBXFrameworksBuildPhase;
			buildActionMask = 2147483647;
			files = (
			);
			runOnlyForDeploymentPostprocessing = 0;
		};
/* End PBXFrameworksBuildPhase section */

/* Begin PBXGroup section */
		55A9E9DE285A9DD000EAD384 = {
			isa = PBXGroup;
			children = (
				55A9E9E9285A9DD000EAD384 /* estee lauder */,
				55A9EA03285A9DD100EAD384 /* estee lauderTests */,
				55A9EA0D285A9DD100EAD384 /* estee lauderUITests */,
				55A9E9E8285A9DD000EAD384 /* Products */,
			);
			sourceTree = "<group>";
		};
		55A9E9E8285A9DD000EAD384 /* Products */ = {
			isa = PBXGroup;
			children = (
				55A9E9E7285A9DD000EAD384 /* estee lauder.app */,
				55A9EA00285A9DD100EAD384 /* estee lauderTests.xctest */,
				55A9EA0A285A9DD100EAD384 /* estee lauderUITests.xctest */,
			);
			name = Products;
			sourceTree = "<group>";
		};
		55A9E9E9285A9DD000EAD384 /* estee lauder */ = {
			isa = PBXGroup;
			children = (
				55A9E9EA285A9DD000EAD384 /* AppDelegate.swift */,
				55A9E9EC285A9DD000EAD384 /* SceneDelegate.swift */,
				55A9E9EE285A9DD000EAD384 /* ViewController.swift */,
				55A9E9F0285A9DD000EAD384 /* Main.storyboard */,
				55A9E9F6285A9DD100EAD384 /* Assets.xcassets */,
				55A9E9F8285A9DD100EAD384 /* LaunchScreen.storyboard */,
				55A9E9FB285A9DD100EAD384 /* Info.plist */,
				55A9E9F3285A9DD000EAD384 /* estee_lauder.xcdatamodeld */,
			);
			path = "estee lauder";
			sourceTree = "<group>";
		};
		55A9EA03285A9DD100EAD384 /* estee lauderTests */ = {
			isa = PBXGroup;
			children = (
				55A9EA04285A9DD100EAD384 /* estee_lauderTests.swift */,
			);
			path = "estee lauderTests";
			sourceTree = "<group>";
		};
		55A9EA0D285A9DD100EAD384 /* estee lauderUITests */ = {
			isa = PBXGroup;
			children = (
				55A9EA0E285A9DD100EAD384 /* estee_lauderUITests.swift */,
				55A9EA10285A9DD100EAD384 /* estee_lauderUITestsLaunchTests.swift */,
			);
			path = "estee lauderUITests";
			sourceTree = "<group>";
		};
/* End PBXGroup section */

/* Begin PBXNativeTarget section */
		55A9E9E6285A9DD000EAD384 /* estee lauder */ = {
			isa = PBXNativeTarget;
			buildConfigurationList = 55A9EA14285A9DD100EAD384 /* Build configuration list for PBXNativeTarget "estee lauder" */;
			buildPhases = (
				55A9E9E3285A9DD000EAD384 /* Sources */,
				55A9E9E4285A9DD000EAD384 /* Frameworks */,
				55A9E9E5285A9DD000EAD384 /* Resources */,
			);
			buildRules = (
			);
			dependencies = (
			);
			name = "estee lauder";
			productName = "estee lauder";
			productReference = 55A9E9E7285A9DD000EAD384 /* estee lauder.app */;
			productType = "com.apple.product-type.application";
		};
		55A9E9FF285A9DD100EAD384 /* estee lauderTests */ = {
			isa = PBXNativeTarget;
			buildConfigurationList = 55A9EA17285A9DD100EAD384 /* Build configuration list for PBXNativeTarget "estee lauderTests" */;
			buildPhases = (
				55A9E9FC285A9DD100EAD384 /* Sources */,
				55A9E9FD285A9DD100EAD384 /* Frameworks */,
				55A9E9FE285A9DD100EAD384 /* Resources */,
			);
			buildRules = (
			);
			dependencies = (
				55A9EA02285A9DD100EAD384 /* PBXTargetDependency */,
			);
			name = "estee lauderTests";
			productName = "estee lauderTests";
			productReference = 55A9EA00285A9DD100EAD384 /* estee lauderTests.xctest */;
			productType = "com.apple.product-type.bundle.unit-test";
		};
		55A9EA09285A9DD100EAD384 /* estee lauderUITests */ = {
			isa = PBXNativeTarget;
			buildConfigurationList = 55A9EA1A285A9DD100EAD384 /* Build configuration list for PBXNativeTarget "estee lauderUITests" */;
			buildPhases = (
				55A9EA06285A9DD100EAD384 /* Sources */,
				55A9EA07285A9DD100EAD384 /* Frameworks */,
				55A9EA08285A9DD100EAD384 /* Resources */,
			);
			buildRules = (
			);
			dependencies = (
				55A9EA0C285A9DD100EAD384 /* PBXTargetDependency */,
			);
			name = "estee lauderUITests";
			productName = "estee lauderUITests";
			productReference = 55A9EA0A285A9DD100EAD384 /* estee lauderUITests.xctest */;
			productType = "com.apple.product-type.bundle.ui-testing";
		};
/* End PBXNativeTarget section */

/* Begin PBXProject section */
		55A9E9DF285A9DD000EAD384 /* Project object */ = {
			isa = PBXProject;
			attributes = {
				BuildIndependentTargetsInParallel = 1;
				LastSwiftUpdateCheck = 1320;
				LastUpgradeCheck = 1320;
				TargetAttributes = {
					55A9E9E6285A9DD000EAD384 = {
						CreatedOnToolsVersion = 13.2.1;
					};
					55A9E9FF285A9DD100EAD384 = {
						CreatedOnToolsVersion = 13.2.1;
						TestTargetID = 55A9E9E6285A9DD000EAD384;
					};
					55A9EA09285A9DD100EAD384 = {
						CreatedOnToolsVersion = 13.2.1;
						TestTargetID = 55A9E9E6285A9DD000EAD384;
					};
				};
			};
			buildConfigurationList = 55A9E9E2285A9DD000EAD384 /* Build configuration list for PBXProject "estee lauder" */;
			compatibilityVersion = "Xcode 13.0";
			developmentRegion = en;
			hasScannedForEncodings = 0;
			knownRegions = (
				en,
				Base,
			);
			mainGroup = 55A9E9DE285A9DD000EAD384;
			productRefGroup = 55A9E9E8285A9DD000EAD384 /* Products */;
			projectDirPath = "";
			projectRoot = "";
			targets = (
				55A9E9E6285A9DD000EAD384 /* estee lauder */,
				55A9E9FF285A9DD100EAD384 /* estee lauderTests */,
				55A9EA09285A9DD100EAD384 /* estee lauderUITests */,
			);
		};
/* End PBXProject section */

/* Begin PBXResourcesBuildPhase section */
		55A9E9E5285A9DD000EAD384 /* Resources */ = {
			isa = PBXResourcesBuildPhase;
			buildActionMask = 2147483647;
			files = (
				55A9E9FA285A9DD100EAD384 /* LaunchScreen.storyboard in Resources */,
				55A9E9F7285A9DD100EAD384 /* Assets.xcassets in Resources */,
				55A9E9F2285A9DD000EAD384 /* Main.storyboard in Resources */,
			);
			runOnlyForDeploymentPostprocessing = 0;
		};
		55A9E9FE285A9DD100EAD384 /* Resources */ = {
			isa = PBXResourcesBuildPhase;
			buildActionMask = 2147483647;
			files = (
			);
			runOnlyForDeploymentPostprocessing = 0;
		};
		55A9EA08285A9DD100EAD384 /* Resources */ = {
			isa = PBXResourcesBuildPhase;
			buildActionMask = 2147483647;
			files = (
			);
			runOnlyForDeploymentPostprocessing = 0;
		};
/* End PBXResourcesBuildPhase section */

/* Begin PBXSourcesBuildPhase section */
		55A9E9E3285A9DD000EAD384 /* Sources */ = {
			isa = PBXSourcesBuildPhase;
			buildActionMask = 2147483647;
			files = (
				55A9E9EF285A9DD000EAD384 /* ViewController.swift in Sources */,
				55A9E9EB285A9DD000EAD384 /* AppDelegate.swift in Sources */,
				55A9E9ED285A9DD000EAD384 /* SceneDelegate.swift in Sources */,
				55A9E9F5285A9DD000EAD384 /* estee_lauder.xcdatamodeld in Sources */,
			);
			runOnlyForDeploymentPostprocessing = 0;
		};
		55A9E9FC285A9DD100EAD384 /* Sources */ = {
			isa = PBXSourcesBuildPhase;
			buildActionMask = 2147483647;
			files = (
				55A9EA05285A9DD100EAD384 /* estee_lauderTests.swift in Sources */,
			);
			runOnlyForDeploymentPostprocessing = 0;
		};
		55A9EA06285A9DD100EAD384 /* Sources */ = {
			isa = PBXSourcesBuildPhase;
			buildActionMask = 2147483647;
			files = (
				55A9EA11285A9DD100EAD384 /* estee_lauderUITestsLaunchTests.swift in Sources */,
				55A9EA0F285A9DD100EAD384 /* estee_lauderUITests.swift in Sources */,
			);
			runOnlyForDeploymentPostprocessing = 0;
		};
/* End PBXSourcesBuildPhase section */

/* Begin PBXTargetDependency section */
		55A9EA02285A9DD100EAD384 /* PBXTargetDependency */ = {
			isa = PBXTargetDependency;
			target = 55A9E9E6285A9DD000EAD384 /* estee lauder */;
			targetProxy = 55A9EA01285A9DD100EAD384 /* PBXContainerItemProxy */;
		};
		55A9EA0C285A9DD100EAD384 /* PBXTargetDependency */ = {
			isa = PBXTargetDependency;
			target = 55A9E9E6285A9DD000EAD384 /* estee lauder */;
			targetProxy = 55A9EA0B285A9DD100EAD384 /* PBXContainerItemProxy */;
		};
/* End PBXTargetDependency section */

/* Begin PBXVariantGroup section */
		55A9E9F0285A9DD000EAD384 /* Main.storyboard */ = {
			isa = PBXVariantGroup;
			children = (
				55A9E9F1285A9DD000EAD384 /* Base */,
			);
			name = Main.storyboard;
			sourceTree = "<group>";
		};
		55A9E9F8285A9DD100EAD384 /* LaunchScreen.storyboard */ = {
			isa = PBXVariantGroup;
			children = (
				55A9E9F9285A9DD100EAD384 /* Base */,
			);
			name = LaunchScreen.storyboard;
			sourceTree = "<group>";
		};
/* End PBXVariantGroup section */

/* Begin XCBuildConfiguration section */
		55A9EA12285A9DD100EAD384 /* Debug */ = {
			isa = XCBuildConfiguration;
			buildSettings = {
				ALWAYS_SEARCH_USER_PATHS = NO;
				CLANG_ANALYZER_NONNULL = YES;
				CLANG_ANALYZER_NUMBER_OBJECT_CONVERSION = YES_AGGRESSIVE;
				CLANG_CXX_LANGUAGE_STANDARD = "gnu++17";
				CLANG_CXX_LIBRARY = "libc++";
				CLANG_ENABLE_MODULES = YES;
				CLANG_ENABLE_OBJC_ARC = YES;
				CLANG_ENABLE_OBJC_WEAK = YES;
				CLANG_WARN_BLOCK_CAPTURE_AUTORELEASING = YES;
				CLANG_WARN_BOOL_CONVERSION = YES;
				CLANG_WARN_COMMA = YES;
				CLANG_WARN_CONSTANT_CONVERSION = YES;
				CLANG_WARN_DEPRECATED_OBJC_IMPLEMENTATIONS = YES;
				CLANG_WARN_DIRECT_OBJC_ISA_USAGE = YES_ERROR;
				CLANG_WARN_DOCUMENTATION_COMMENTS = YES;
				CLANG_WARN_EMPTY_BODY = YES;
				CLANG_WARN_ENUM_CONVERSION = YES;
				CLANG_WARN_INFINITE_RECURSION = YES;
				CLANG_WARN_INT_CONVERSION = YES;
				CLANG_WARN_NON_LITERAL_NULL_CONVERSION = YES;
				CLANG_WARN_OBJC_IMPLICIT_RETAIN_SELF = YES;
				CLANG_WARN_OBJC_LITERAL_CONVERSION = YES;
				CLANG_WARN_OBJC_ROOT_CLASS = YES_ERROR;
				CLANG_WARN_QUOTED_INCLUDE_IN_FRAMEWORK_HEADER = YES;
				CLANG_WARN_RANGE_LOOP_ANALYSIS = YES;
				CLANG_WARN_STRICT_PROTOTYPES = YES;
				CLANG_WARN_SUSPICIOUS_MOVE = YES;
				CLANG_WARN_UNGUARDED_AVAILABILITY = YES_AGGRESSIVE;
				CLANG_WARN_UNREACHABLE_CODE = YES;
				CLANG_WARN__DUPLICATE_METHOD_MATCH = YES;
				COPY_PHASE_STRIP = NO;
				DEBUG_INFORMATION_FORMAT = dwarf;
				ENABLE_STRICT_OBJC_MSGSEND = YES;
				ENABLE_TESTABILITY = YES;
				GCC_C_LANGUAGE_STANDARD = gnu11;
				GCC_DYNAMIC_NO_PIC = NO;
				GCC_NO_COMMON_BLOCKS = YES;
				GCC_OPTIMIZATION_LEVEL = 0;
				GCC_PREPROCESSOR_DEFINITIONS = (
					"DEBUG=1",
					"$(inherited)",
				);
				GCC_WARN_64_TO_32_BIT_CONVERSION = YES;
				GCC_WARN_ABOUT_RETURN_TYPE = YES_ERROR;
				GCC_WARN_UNDECLARED_SELECTOR = YES;
				GCC_WARN_UNINITIALIZED_AUTOS = YES_AGGRESSIVE;
				GCC_WARN_UNUSED_FUNCTION = YES;
				GCC_WARN_UNUSED_VARIABLE = YES;
				IPHONEOS_DEPLOYMENT_TARGET = 15.2;
				MTL_ENABLE_DEBUG_INFO = INCLUDE_SOURCE;
				MTL_FAST_MATH = YES;
				ONLY_ACTIVE_ARCH = YES;
				SDKROOT = iphoneos;
				SWIFT_ACTIVE_COMPILATION_CONDITIONS = DEBUG;
				SWIFT_OPTIMIZATION_LEVEL = "-Onone";
			};
			name = Debug;
		};
		55A9EA13285A9DD100EAD384 /* Release */ = {
			isa = XCBuildConfiguration;
			buildSettings = {
				ALWAYS_SEARCH_USER_PATHS = NO;
				CLANG_ANALYZER_NONNULL = YES;
				CLANG_ANALYZER_NUMBER_OBJECT_CONVERSION = YES_AGGRESSIVE;
				CLANG_CXX_LANGUAGE_STANDARD = "gnu++17";
				CLANG_CXX_LIBRARY = "libc++";
				CLANG_ENABLE_MODULES = YES;
				CLANG_ENABLE_OBJC_ARC = YES;
				CLANG_ENABLE_OBJC_WEAK = YES;
				CLANG_WARN_BLOCK_CAPTURE_AUTORELEASING = YES;
				CLANG_WARN_BOOL_CONVERSION = YES;
				CLANG_WARN_COMMA = YES;
				CLANG_WARN_CONSTANT_CONVERSION = YES;
				CLANG_WARN_DEPRECATED_OBJC_IMPLEMENTATIONS = YES;
				CLANG_WARN_DIRECT_OBJC_ISA_USAGE = YES_ERROR;
				CLANG_WARN_DOCUMENTATION_COMMENTS = YES;
				CLANG_WARN_EMPTY_BODY = YES;
				CLANG_WARN_ENUM_CONVERSION = YES;
				CLANG_WARN_INFINITE_RECURSION = YES;
				CLANG_WARN_INT_CONVERSION = YES;
				CLANG_WARN_NON_LITERAL_NULL_CONVERSION = YES;
				CLANG_WARN_OBJC_IMPLICIT_RETAIN_SELF = YES;
				CLANG_WARN_OBJC_LITERAL_CONVERSION = YES;
				CLANG_WARN_OBJC_ROOT_CLASS = YES_ERROR;
				CLANG_WARN_QUOTED_INCLUDE_IN_FRAMEWORK_HEADER = YES;
				CLANG_WARN_RANGE_LOOP_ANALYSIS = YES;
				CLANG_WARN_STRICT_PROTOTYPES = YES;
				CLANG_WARN_SUSPICIOUS_MOVE = YES;
				CLANG_WARN_UNGUARDED_AVAILABILITY = YES_AGGRESSIVE;
				CLANG_WARN_UNREACHABLE_CODE = YES;
				CLANG_WARN__DUPLICATE_METHOD_MATCH = YES;
				COPY_PHASE_STRIP = NO;
				DEBUG_INFORMATION_FORMAT = "dwarf-with-dsym";
				ENABLE_NS_ASSERTIONS = NO;
				ENABLE_STRICT_OBJC_MSGSEND = YES;
				GCC_C_LANGUAGE_STANDARD = gnu11;
				GCC_NO_COMMON_BLOCKS = YES;
				GCC_WARN_64_TO_32_BIT_CONVERSION = YES;
				GCC_WARN_ABOUT_RETURN_TYPE = YES_ERROR;
				GCC_WARN_UNDECLARED_SELECTOR = YES;
				GCC_WARN_UNINITIALIZED_AUTOS = YES_AGGRESSIVE;
				GCC_WARN_UNUSED_FUNCTION = YES;
				GCC_WARN_UNUSED_VARIABLE = YES;
				IPHONEOS_DEPLOYMENT_TARGET = 15.2;
				MTL_ENABLE_DEBUG_INFO = NO;
				MTL_FAST_MATH = YES;
				SDKROOT = iphoneos;
				SWIFT_COMPILATION_MODE = wholemodule;
				SWIFT_OPTIMIZATION_LEVEL = "-O";
				VALIDATE_PRODUCT = YES;
			};
			name = Release;
		};
		55A9EA15285A9DD100EAD384 /* Debug */ = {
			isa = XCBuildConfiguration;
			buildSettings = {
				ASSETCATALOG_COMPILER_APPICON_NAME = AppIcon;
				ASSETCATALOG_COMPILER_GLOBAL_ACCENT_COLOR_NAME = AccentColor;
				CODE_SIGN_STYLE = Automatic;
				CURRENT_PROJECT_VERSION = 1;
				DEVELOPMENT_TEAM = 3K5G9SC8YV;
				GENERATE_INFOPLIST_FILE = YES;
				INFOPLIST_FILE = "estee lauder/Info.plist";
				INFOPLIST_KEY_UIApplicationSupportsIndirectInputEvents = YES;
				INFOPLIST_KEY_UILaunchStoryboardName = LaunchScreen;
				INFOPLIST_KEY_UIMainStoryboardFile = Main;
				INFOPLIST_KEY_UISupportedInterfaceOrientations_iPad = "UIInterfaceOrientationPortrait UIInterfaceOrientationPortraitUpsideDown UIInterfaceOrientationLandscapeLeft UIInterfaceOrientationLandscapeRight";
				INFOPLIST_KEY_UISupportedInterfaceOrientations_iPhone = "UIInterfaceOrientationPortrait UIInterfaceOrientationLandscapeLeft UIInterfaceOrientationLandscapeRight";
				LD_RUNPATH_SEARCH_PATHS = (
					"$(inherited)",
					"@executable_path/Frameworks",
				);
				MARKETING_VERSION = 1.0;
				PRODUCT_BUNDLE_IDENTIFIER = "Victoria-Xu.estee-lauder";
				PRODUCT_NAME = "$(TARGET_NAME)";
				SWIFT_EMIT_LOC_STRINGS = YES;
				SWIFT_VERSION = 5.0;
				TARGETED_DEVICE_FAMILY = "1,2";
			};
			name = Debug;
		};
		55A9EA16285A9DD100EAD384 /* Release */ = {
			isa = XCBuildConfiguration;
			buildSettings = {
				ASSETCATALOG_COMPILER_APPICON_NAME = AppIcon;
				ASSETCATALOG_COMPILER_GLOBAL_ACCENT_COLOR_NAME = AccentColor;
				CODE_SIGN_STYLE = Automatic;
				CURRENT_PROJECT_VERSION = 1;
				DEVELOPMENT_TEAM = 3K5G9SC8YV;
				GENERATE_INFOPLIST_FILE = YES;
				INFOPLIST_FILE = "estee lauder/Info.plist";
				INFOPLIST_KEY_UIApplicationSupportsIndirectInputEvents = YES;
				INFOPLIST_KEY_UILaunchStoryboardName = LaunchScreen;
				INFOPLIST_KEY_UIMainStoryboardFile = Main;
				INFOPLIST_KEY_UISupportedInterfaceOrientations_iPad = "UIInterfaceOrientationPortrait UIInterfaceOrientationPortraitUpsideDown UIInterfaceOrientationLandscapeLeft UIInterfaceOrientationLandscapeRight";
				INFOPLIST_KEY_UISupportedInterfaceOrientations_iPhone = "UIInterfaceOrientationPortrait UIInterfaceOrientationLandscapeLeft UIInterfaceOrientationLandscapeRight";
				LD_RUNPATH_SEARCH_PATHS = (
					"$(inherited)",
					"@executable_path/Frameworks",
				);
				MARKETING_VERSION = 1.0;
				PRODUCT_BUNDLE_IDENTIFIER = "Victoria-Xu.estee-lauder";
				PRODUCT_NAME = "$(TARGET_NAME)";
				SWIFT_EMIT_LOC_STRINGS = YES;
				SWIFT_VERSION = 5.0;
				TARGETED_DEVICE_FAMILY = "1,2";
			};
			name = Release;
		};
		55A9EA18285A9DD100EAD384 /* Debug */ = {
			isa = XCBuildConfiguration;
			buildSettings = {
				ALWAYS_EMBED_SWIFT_STANDARD_LIBRARIES = YES;
				BUNDLE_LOADER = "$(TEST_HOST)";
				CODE_SIGN_STYLE = Automatic;
				CURRENT_PROJECT_VERSION = 1;
				DEVELOPMENT_TEAM = 3K5G9SC8YV;
				GENERATE_INFOPLIST_FILE = YES;
				IPHONEOS_DEPLOYMENT_TARGET = 15.2;
				MARKETING_VERSION = 1.0;
				PRODUCT_BUNDLE_IDENTIFIER = "Victoria-Xu.estee-lauderTests";
				PRODUCT_NAME = "$(TARGET_NAME)";
				SWIFT_EMIT_LOC_STRINGS = NO;
				SWIFT_VERSION = 5.0;
				TARGETED_DEVICE_FAMILY = "1,2";
				TEST_HOST = "$(BUILT_PRODUCTS_DIR)/estee lauder.app/estee lauder";
			};
			name = Debug;
		};
		55A9EA19285A9DD100EAD384 /* Release */ = {
			isa = XCBuildConfiguration;
			buildSettings = {
				ALWAYS_EMBED_SWIFT_STANDARD_LIBRARIES = YES;
				BUNDLE_LOADER = "$(TEST_HOST)";
				CODE_SIGN_STYLE = Automatic;
				CURRENT_PROJECT_VERSION = 1;
				DEVELOPMENT_TEAM = 3K5G9SC8YV;
				GENERATE_INFOPLIST_FILE = YES;
				IPHONEOS_DEPLOYMENT_TARGET = 15.2;
				MARKETING_VERSION = 1.0;
				PRODUCT_BUNDLE_IDENTIFIER = "Victoria-Xu.estee-lauderTests";
				PRODUCT_NAME = "$(TARGET_NAME)";
				SWIFT_EMIT_LOC_STRINGS = NO;
				SWIFT_VERSION = 5.0;
				TARGETED_DEVICE_FAMILY = "1,2";
				TEST_HOST = "$(BUILT_PRODUCTS_DIR)/estee lauder.app/estee lauder";
			};
			name = Release;
		};
		55A9EA1B285A9DD100EAD384 /* Debug */ = {
			isa = XCBuildConfiguration;
			buildSettings = {
				ALWAYS_EMBED_SWIFT_STANDARD_LIBRARIES = YES;
				CODE_SIGN_STYLE = Automatic;
				CURRENT_PROJECT_VERSION = 1;
				DEVELOPMENT_TEAM = 3K5G9SC8YV;
				GENERATE_INFOPLIST_FILE = YES;
				MARKETING_VERSION = 1.0;
				PRODUCT_BUNDLE_IDENTIFIER = "Victoria-Xu.estee-lauderUITests";
				PRODUCT_NAME = "$(TARGET_NAME)";
				SWIFT_EMIT_LOC_STRINGS = NO;
				SWIFT_VERSION = 5.0;
				TARGETED_DEVICE_FAMILY = "1,2";
				TEST_TARGET_NAME = "estee lauder";
			};
			name = Debug;
		};
		55A9EA1C285A9DD100EAD384 /* Release */ = {
			isa = XCBuildConfiguration;
			buildSettings = {
				ALWAYS_EMBED_SWIFT_STANDARD_LIBRARIES = YES;
				CODE_SIGN_STYLE = Automatic;
				CURRENT_PROJECT_VERSION = 1;
				DEVELOPMENT_TEAM = 3K5G9SC8YV;
				GENERATE_INFOPLIST_FILE = YES;
				MARKETING_VERSION = 1.0;
				PRODUCT_BUNDLE_IDENTIFIER = "Victoria-Xu.estee-lauderUITests";
				PRODUCT_NAME = "$(TARGET_NAME)";
				SWIFT_EMIT_LOC_STRINGS = NO;
				SWIFT_VERSION = 5.0;
				TARGETED_DEVICE_FAMILY = "1,2";
				TEST_TARGET_NAME = "estee lauder";
			};
			name = Release;
		};
/* End XCBuildConfiguration section */

/* Begin XCConfigurationList section */
		55A9E9E2285A9DD000EAD384 /* Build configuration list for PBXProject "estee lauder" */ = {
			isa = XCConfigurationList;
			buildConfigurations = (
				55A9EA12285A9DD100EAD384 /* Debug */,
				55A9EA13285A9DD100EAD384 /* Release */,
			);
			defaultConfigurationIsVisible = 0;
			defaultConfigurationName = Release;
		};
		55A9EA14285A9DD100EAD384 /* Build configuration list for PBXNativeTarget "estee lauder" */ = {
			isa = XCConfigurationList;
			buildConfigurations = (
				55A9EA15285A9DD100EAD384 /* Debug */,
				55A9EA16285A9DD100EAD384 /* Release */,
			);
			defaultConfigurationIsVisible = 0;
			defaultConfigurationName = Release;
		};
		55A9EA17285A9DD100EAD384 /* Build configuration list for PBXNativeTarget "estee lauderTests" */ = {
			isa = XCConfigurationList;
			buildConfigurations = (
				55A9EA18285A9DD100EAD384 /* Debug */,
				55A9EA19285A9DD100EAD384 /* Release */,
			);
			defaultConfigurationIsVisible = 0;
			defaultConfigurationName = Release;
		};
		55A9EA1A285A9DD100EAD384 /* Build configuration list for PBXNativeTarget "estee lauderUITests" */ = {
			isa = XCConfigurationList;
			buildConfigurations = (
				55A9EA1B285A9DD100EAD384 /* Debug */,
				55A9EA1C285A9DD100EAD384 /* Release */,
			);
			defaultConfigurationIsVisible = 0;
			defaultConfigurationName = Release;
		};
/* End XCConfigurationList section */

/* Begin XCVersionGroup section */
		55A9E9F3285A9DD000EAD384 /* estee_lauder.xcdatamodeld */ = {
			isa = XCVersionGroup;
			children = (
				55A9E9F4285A9DD000EAD384 /* estee_lauder.xcdatamodel */,
			);
			currentVersion = 55A9E9F4285A9DD000EAD384 /* estee_lauder.xcdatamodel */;
			path = estee_lauder.xcdatamodeld;
			sourceTree = "<group>";
			versionGroupType = wrapper.xcdatamodel;
		};
/* End XCVersionGroup section */
	};
	rootObject = 55A9E9DF285A9DD000EAD384 /* Project object */;
}
